
Microsoft Visual Studio Solution File, Format Version 12.00
# Visual Studio 14
VisualStudioVersion = 14.0.23107.0
MinimumVisualStudioVersion = 10.0.40219.1
Project("{FAE04EC0-301F-11D3-BF4B-00C04F79EFBC}") = "OfflineMedia.WinPhoneNative", "OfflineMedia.PresentationWinPhone\OfflineMedia.WinPhoneNative.csproj", "{A4DC4E5C-48FD-4B39-88EF-1B05B5EF579D}"
EndProject
Project("{2150E333-8FDC-42A3-9474-1A3956D46DE8}") = "Common", "Common", "{E5CC83CC-D113-4751-AE3A-2D07D8C3B804}"
EndProject
Project("{FAE04EC0-301F-11D3-BF4B-00C04F79EFBC}") = "OfflineMedia.View", "OfflineMedia.View\OfflineMedia.View.csproj", "{CCCB6BC7-83B4-4342-A5AD-C8F23CB4D0B0}"
EndProject
Project("{FAE04EC0-301F-11D3-BF4B-00C04F79EFBC}") = "OfflineMedia.Business", "OfflineMedia.Business\OfflineMedia.Business.csproj", "{518680BC-9186-4710-B944-5F596137D47C}"
EndProject
Project("{FAE04EC0-301F-11D3-BF4B-00C04F79EFBC}") = "OfflineMedia.Data", "OfflineMedia.Data\OfflineMedia.Data.csproj", "{48AA60FF-9377-4BA5-81D7-C0488BFC529A}"
EndProject
Project("{FAE04EC0-301F-11D3-BF4B-00C04F79EFBC}") = "OfflineMedia.Common", "OfflineMedia.Common\OfflineMedia.Common.csproj", "{C921BCB6-3453-451F-911D-99502DCF6152}"
EndProject
Project("{2150E333-8FDC-42A3-9474-1A3956D46DE8}") = "Test", "Test", "{D04929DB-27BB-4A64-8A1E-413EB30F1C87}"
EndProject
Project("{FAE04EC0-301F-11D3-BF4B-00C04F79EFBC}") = "OfflineMedia.UnitTestApp", "OfflineMedia.UnitTestApp\OfflineMedia.UnitTestApp.csproj", "{5284C071-B394-43D2-9EB6-AF183769CE11}"
EndProject
Project("{FAE04EC0-301F-11D3-BF4B-00C04F79EFBC}") = "OfflineMediaV3.DroidNative", "OfflineMedia.DroidNative\OfflineMediaV3.DroidNative.csproj", "{735C8510-B76F-4ABF-A7FA-45610055B93D}"
EndProject
Project("{2150E333-8FDC-42A3-9474-1A3956D46DE8}") = "XamarinForm", "XamarinForm", "{0AD23410-AB18-487E-9D70-A37FF2AB4681}"
EndProject
Project("{FAE04EC0-301F-11D3-BF4B-00C04F79EFBC}") = "OfflineMedia", "OfflineMedia\OfflineMedia.csproj", "{7EA4C412-3BE0-4EF3-A20A-9F73DA6A1F91}"
EndProject
Project("{FAE04EC0-301F-11D3-BF4B-00C04F79EFBC}") = "OfflineMedia.Droid", "Droid\OfflineMedia.Droid.csproj", "{A3631573-8DB7-44F1-8250-44776B693CB4}"
EndProject
Project("{FAE04EC0-301F-11D3-BF4B-00C04F79EFBC}") = "OfflineMedia.UITests", "UITests\OfflineMedia.UITests.csproj", "{7F22D053-0F23-41C1-9E02-1DCE8788BF4E}"
EndProject
Project("{FAE04EC0-301F-11D3-BF4B-00C04F79EFBC}") = "OfflineMedia.WindowsPhone", "OfflineMedia.WindowsPhone\OfflineMedia.WindowsPhone.csproj", "{11F9FB6E-7D99-4985-B5EB-F4F4B1722B66}"
EndProject
Project("{2150E333-8FDC-42A3-9474-1A3956D46DE8}") = "Utils", "Utils", "{3707BB0A-973A-451E-9B45-AC9DA4DF6D5F}"
EndProject
Project("{FAE04EC0-301F-11D3-BF4B-00C04F79EFBC}") = "WeatherFontJsonUtil", "WeatherFontJsonUtil\WeatherFontJsonUtil.csproj", "{9E6FF729-C942-4FC1-8454-23523499D683}"
EndProject
Global
	GlobalSection(SolutionConfigurationPlatforms) = preSolution
		Debug|Any CPU = Debug|Any CPU
		Debug|ARM = Debug|ARM
		Debug|Mixed Platforms = Debug|Mixed Platforms
		Debug|x64 = Debug|x64
		Debug|x86 = Debug|x86
		Release|Any CPU = Release|Any CPU
		Release|ARM = Release|ARM
		Release|Mixed Platforms = Release|Mixed Platforms
		Release|x64 = Release|x64
		Release|x86 = Release|x86
		Windwos Phone Native|Any CPU = Windwos Phone Native|Any CPU
		Windwos Phone Native|ARM = Windwos Phone Native|ARM
		Windwos Phone Native|Mixed Platforms = Windwos Phone Native|Mixed Platforms
		Windwos Phone Native|x64 = Windwos Phone Native|x64
		Windwos Phone Native|x86 = Windwos Phone Native|x86
		Xamarin|Any CPU = Xamarin|Any CPU
		Xamarin|ARM = Xamarin|ARM
		Xamarin|Mixed Platforms = Xamarin|Mixed Platforms
		Xamarin|x64 = Xamarin|x64
		Xamarin|x86 = Xamarin|x86
	EndGlobalSection
	GlobalSection(ProjectConfigurationPlatforms) = postSolution
		{A4DC4E5C-48FD-4B39-88EF-1B05B5EF579D}.Debug|Any CPU.ActiveCfg = Debug|Any CPU
		{A4DC4E5C-48FD-4B39-88EF-1B05B5EF579D}.Debug|Any CPU.Build.0 = Debug|Any CPU
		{A4DC4E5C-48FD-4B39-88EF-1B05B5EF579D}.Debug|Any CPU.Deploy.0 = Debug|Any CPU
		{A4DC4E5C-48FD-4B39-88EF-1B05B5EF579D}.Debug|ARM.ActiveCfg = Debug|ARM
		{A4DC4E5C-48FD-4B39-88EF-1B05B5EF579D}.Debug|ARM.Build.0 = Debug|ARM
		{A4DC4E5C-48FD-4B39-88EF-1B05B5EF579D}.Debug|ARM.Deploy.0 = Debug|ARM
		{A4DC4E5C-48FD-4B39-88EF-1B05B5EF579D}.Debug|Mixed Platforms.ActiveCfg = Debug|x86
		{A4DC4E5C-48FD-4B39-88EF-1B05B5EF579D}.Debug|Mixed Platforms.Build.0 = Debug|x86
		{A4DC4E5C-48FD-4B39-88EF-1B05B5EF579D}.Debug|Mixed Platforms.Deploy.0 = Debug|x86
		{A4DC4E5C-48FD-4B39-88EF-1B05B5EF579D}.Debug|x64.ActiveCfg = Debug|Any CPU
		{A4DC4E5C-48FD-4B39-88EF-1B05B5EF579D}.Debug|x64.Build.0 = Debug|Any CPU
		{A4DC4E5C-48FD-4B39-88EF-1B05B5EF579D}.Debug|x64.Deploy.0 = Debug|Any CPU
		{A4DC4E5C-48FD-4B39-88EF-1B05B5EF579D}.Debug|x86.ActiveCfg = Debug|x86
		{A4DC4E5C-48FD-4B39-88EF-1B05B5EF579D}.Debug|x86.Build.0 = Debug|x86
		{A4DC4E5C-48FD-4B39-88EF-1B05B5EF579D}.Debug|x86.Deploy.0 = Debug|x86
		{A4DC4E5C-48FD-4B39-88EF-1B05B5EF579D}.Release|Any CPU.ActiveCfg = Release|Any CPU
		{A4DC4E5C-48FD-4B39-88EF-1B05B5EF579D}.Release|Any CPU.Build.0 = Release|Any CPU
		{A4DC4E5C-48FD-4B39-88EF-1B05B5EF579D}.Release|Any CPU.Deploy.0 = Release|Any CPU
		{A4DC4E5C-48FD-4B39-88EF-1B05B5EF579D}.Release|ARM.ActiveCfg = Release|ARM
		{A4DC4E5C-48FD-4B39-88EF-1B05B5EF579D}.Release|ARM.Build.0 = Release|ARM
		{A4DC4E5C-48FD-4B39-88EF-1B05B5EF579D}.Release|ARM.Deploy.0 = Release|ARM
		{A4DC4E5C-48FD-4B39-88EF-1B05B5EF579D}.Release|Mixed Platforms.ActiveCfg = Release|x86
		{A4DC4E5C-48FD-4B39-88EF-1B05B5EF579D}.Release|Mixed Platforms.Build.0 = Release|x86
		{A4DC4E5C-48FD-4B39-88EF-1B05B5EF579D}.Release|Mixed Platforms.Deploy.0 = Release|x86
		{A4DC4E5C-48FD-4B39-88EF-1B05B5EF579D}.Release|x64.ActiveCfg = Release|Any CPU
		{A4DC4E5C-48FD-4B39-88EF-1B05B5EF579D}.Release|x64.Build.0 = Release|Any CPU
		{A4DC4E5C-48FD-4B39-88EF-1B05B5EF579D}.Release|x64.Deploy.0 = Release|Any CPU
		{A4DC4E5C-48FD-4B39-88EF-1B05B5EF579D}.Release|x86.ActiveCfg = Release|ARM
		{A4DC4E5C-48FD-4B39-88EF-1B05B5EF579D}.Release|x86.Build.0 = Release|ARM
		{A4DC4E5C-48FD-4B39-88EF-1B05B5EF579D}.Release|x86.Deploy.0 = Release|ARM
		{A4DC4E5C-48FD-4B39-88EF-1B05B5EF579D}.Windwos Phone Native|Any CPU.ActiveCfg = Debug|Any CPU
		{A4DC4E5C-48FD-4B39-88EF-1B05B5EF579D}.Windwos Phone Native|Any CPU.Build.0 = Debug|Any CPU
		{A4DC4E5C-48FD-4B39-88EF-1B05B5EF579D}.Windwos Phone Native|Any CPU.Deploy.0 = Debug|Any CPU
		{A4DC4E5C-48FD-4B39-88EF-1B05B5EF579D}.Windwos Phone Native|ARM.ActiveCfg = Debug|ARM
		{A4DC4E5C-48FD-4B39-88EF-1B05B5EF579D}.Windwos Phone Native|ARM.Build.0 = Debug|ARM
		{A4DC4E5C-48FD-4B39-88EF-1B05B5EF579D}.Windwos Phone Native|ARM.Deploy.0 = Debug|ARM
		{A4DC4E5C-48FD-4B39-88EF-1B05B5EF579D}.Windwos Phone Native|Mixed Platforms.ActiveCfg = Debug|x86
		{A4DC4E5C-48FD-4B39-88EF-1B05B5EF579D}.Windwos Phone Native|Mixed Platforms.Build.0 = Debug|x86
		{A4DC4E5C-48FD-4B39-88EF-1B05B5EF579D}.Windwos Phone Native|Mixed Platforms.Deploy.0 = Debug|x86
		{A4DC4E5C-48FD-4B39-88EF-1B05B5EF579D}.Windwos Phone Native|x64.ActiveCfg = Debug|Any CPU
		{A4DC4E5C-48FD-4B39-88EF-1B05B5EF579D}.Windwos Phone Native|x64.Build.0 = Debug|Any CPU
		{A4DC4E5C-48FD-4B39-88EF-1B05B5EF579D}.Windwos Phone Native|x64.Deploy.0 = Debug|Any CPU
		{A4DC4E5C-48FD-4B39-88EF-1B05B5EF579D}.Windwos Phone Native|x86.ActiveCfg = Debug|x86
		{A4DC4E5C-48FD-4B39-88EF-1B05B5EF579D}.Windwos Phone Native|x86.Build.0 = Debug|x86
		{A4DC4E5C-48FD-4B39-88EF-1B05B5EF579D}.Windwos Phone Native|x86.Deploy.0 = Debug|x86
		{A4DC4E5C-48FD-4B39-88EF-1B05B5EF579D}.Xamarin|Any CPU.ActiveCfg = Android|Any CPU
		{A4DC4E5C-48FD-4B39-88EF-1B05B5EF579D}.Xamarin|Any CPU.Build.0 = Android|Any CPU
		{A4DC4E5C-48FD-4B39-88EF-1B05B5EF579D}.Xamarin|Any CPU.Deploy.0 = Android|Any CPU
		{A4DC4E5C-48FD-4B39-88EF-1B05B5EF579D}.Xamarin|ARM.ActiveCfg = Android|ARM
		{A4DC4E5C-48FD-4B39-88EF-1B05B5EF579D}.Xamarin|ARM.Build.0 = Android|ARM
		{A4DC4E5C-48FD-4B39-88EF-1B05B5EF579D}.Xamarin|ARM.Deploy.0 = Android|ARM
		{A4DC4E5C-48FD-4B39-88EF-1B05B5EF579D}.Xamarin|Mixed Platforms.ActiveCfg = Android|x86
		{A4DC4E5C-48FD-4B39-88EF-1B05B5EF579D}.Xamarin|Mixed Platforms.Build.0 = Android|x86
		{A4DC4E5C-48FD-4B39-88EF-1B05B5EF579D}.Xamarin|Mixed Platforms.Deploy.0 = Android|x86
		{A4DC4E5C-48FD-4B39-88EF-1B05B5EF579D}.Xamarin|x64.ActiveCfg = Android|Any CPU
		{A4DC4E5C-48FD-4B39-88EF-1B05B5EF579D}.Xamarin|x64.Build.0 = Android|Any CPU
		{A4DC4E5C-48FD-4B39-88EF-1B05B5EF579D}.Xamarin|x64.Deploy.0 = Android|Any CPU
		{A4DC4E5C-48FD-4B39-88EF-1B05B5EF579D}.Xamarin|x86.ActiveCfg = Android|x86
		{A4DC4E5C-48FD-4B39-88EF-1B05B5EF579D}.Xamarin|x86.Build.0 = Android|x86
		{A4DC4E5C-48FD-4B39-88EF-1B05B5EF579D}.Xamarin|x86.Deploy.0 = Android|x86
		{CCCB6BC7-83B4-4342-A5AD-C8F23CB4D0B0}.Debug|Any CPU.ActiveCfg = Debug|Any CPU
		{CCCB6BC7-83B4-4342-A5AD-C8F23CB4D0B0}.Debug|Any CPU.Build.0 = Debug|Any CPU
		{CCCB6BC7-83B4-4342-A5AD-C8F23CB4D0B0}.Debug|ARM.ActiveCfg = Debug|ARM
		{CCCB6BC7-83B4-4342-A5AD-C8F23CB4D0B0}.Debug|ARM.Build.0 = Debug|ARM
		{CCCB6BC7-83B4-4342-A5AD-C8F23CB4D0B0}.Debug|Mixed Platforms.ActiveCfg = Debug|x86
		{CCCB6BC7-83B4-4342-A5AD-C8F23CB4D0B0}.Debug|Mixed Platforms.Build.0 = Debug|x86
		{CCCB6BC7-83B4-4342-A5AD-C8F23CB4D0B0}.Debug|x64.ActiveCfg = Debug|Any CPU
		{CCCB6BC7-83B4-4342-A5AD-C8F23CB4D0B0}.Debug|x64.Build.0 = Debug|Any CPU
		{CCCB6BC7-83B4-4342-A5AD-C8F23CB4D0B0}.Debug|x86.ActiveCfg = Debug|x86
		{CCCB6BC7-83B4-4342-A5AD-C8F23CB4D0B0}.Debug|x86.Build.0 = Debug|x86
		{CCCB6BC7-83B4-4342-A5AD-C8F23CB4D0B0}.Release|Any CPU.ActiveCfg = Release|Any CPU
		{CCCB6BC7-83B4-4342-A5AD-C8F23CB4D0B0}.Release|Any CPU.Build.0 = Release|Any CPU
		{CCCB6BC7-83B4-4342-A5AD-C8F23CB4D0B0}.Release|ARM.ActiveCfg = Release|ARM
		{CCCB6BC7-83B4-4342-A5AD-C8F23CB4D0B0}.Release|ARM.Build.0 = Release|ARM
		{CCCB6BC7-83B4-4342-A5AD-C8F23CB4D0B0}.Release|Mixed Platforms.ActiveCfg = Release|x86
		{CCCB6BC7-83B4-4342-A5AD-C8F23CB4D0B0}.Release|Mixed Platforms.Build.0 = Release|x86
		{CCCB6BC7-83B4-4342-A5AD-C8F23CB4D0B0}.Release|x64.ActiveCfg = Release|Any CPU
		{CCCB6BC7-83B4-4342-A5AD-C8F23CB4D0B0}.Release|x64.Build.0 = Release|Any CPU
		{CCCB6BC7-83B4-4342-A5AD-C8F23CB4D0B0}.Release|x86.ActiveCfg = Release|ARM
		{CCCB6BC7-83B4-4342-A5AD-C8F23CB4D0B0}.Release|x86.Build.0 = Release|ARM
		{CCCB6BC7-83B4-4342-A5AD-C8F23CB4D0B0}.Windwos Phone Native|Any CPU.ActiveCfg = Debug|Any CPU
		{CCCB6BC7-83B4-4342-A5AD-C8F23CB4D0B0}.Windwos Phone Native|Any CPU.Build.0 = Debug|Any CPU
		{CCCB6BC7-83B4-4342-A5AD-C8F23CB4D0B0}.Windwos Phone Native|ARM.ActiveCfg = Debug|ARM
		{CCCB6BC7-83B4-4342-A5AD-C8F23CB4D0B0}.Windwos Phone Native|ARM.Build.0 = Debug|ARM
		{CCCB6BC7-83B4-4342-A5AD-C8F23CB4D0B0}.Windwos Phone Native|Mixed Platforms.ActiveCfg = Debug|x86
		{CCCB6BC7-83B4-4342-A5AD-C8F23CB4D0B0}.Windwos Phone Native|Mixed Platforms.Build.0 = Debug|x86
		{CCCB6BC7-83B4-4342-A5AD-C8F23CB4D0B0}.Windwos Phone Native|x64.ActiveCfg = Debug|Any CPU
		{CCCB6BC7-83B4-4342-A5AD-C8F23CB4D0B0}.Windwos Phone Native|x64.Build.0 = Debug|Any CPU
		{CCCB6BC7-83B4-4342-A5AD-C8F23CB4D0B0}.Windwos Phone Native|x86.ActiveCfg = Debug|x86
		{CCCB6BC7-83B4-4342-A5AD-C8F23CB4D0B0}.Windwos Phone Native|x86.Build.0 = Debug|x86
		{CCCB6BC7-83B4-4342-A5AD-C8F23CB4D0B0}.Xamarin|Any CPU.ActiveCfg = Android|Any CPU
		{CCCB6BC7-83B4-4342-A5AD-C8F23CB4D0B0}.Xamarin|Any CPU.Build.0 = Android|Any CPU
		{CCCB6BC7-83B4-4342-A5AD-C8F23CB4D0B0}.Xamarin|ARM.ActiveCfg = Android|ARM
		{CCCB6BC7-83B4-4342-A5AD-C8F23CB4D0B0}.Xamarin|ARM.Build.0 = Android|ARM
		{CCCB6BC7-83B4-4342-A5AD-C8F23CB4D0B0}.Xamarin|Mixed Platforms.ActiveCfg = Android|x86
		{CCCB6BC7-83B4-4342-A5AD-C8F23CB4D0B0}.Xamarin|Mixed Platforms.Build.0 = Android|x86
		{CCCB6BC7-83B4-4342-A5AD-C8F23CB4D0B0}.Xamarin|x64.ActiveCfg = Android|Any CPU
		{CCCB6BC7-83B4-4342-A5AD-C8F23CB4D0B0}.Xamarin|x64.Build.0 = Android|Any CPU
		{CCCB6BC7-83B4-4342-A5AD-C8F23CB4D0B0}.Xamarin|x86.ActiveCfg = Android|x86
		{CCCB6BC7-83B4-4342-A5AD-C8F23CB4D0B0}.Xamarin|x86.Build.0 = Android|x86
		{518680BC-9186-4710-B944-5F596137D47C}.Debug|Any CPU.ActiveCfg = Debug|Any CPU
		{518680BC-9186-4710-B944-5F596137D47C}.Debug|Any CPU.Build.0 = Debug|Any CPU
		{518680BC-9186-4710-B944-5F596137D47C}.Debug|ARM.ActiveCfg = Debug|ARM
		{518680BC-9186-4710-B944-5F596137D47C}.Debug|ARM.Build.0 = Debug|ARM
		{518680BC-9186-4710-B944-5F596137D47C}.Debug|Mixed Platforms.ActiveCfg = Debug|x86
		{518680BC-9186-4710-B944-5F596137D47C}.Debug|Mixed Platforms.Build.0 = Debug|x86
		{518680BC-9186-4710-B944-5F596137D47C}.Debug|x64.ActiveCfg = Debug|Any CPU
		{518680BC-9186-4710-B944-5F596137D47C}.Debug|x64.Build.0 = Debug|Any CPU
		{518680BC-9186-4710-B944-5F596137D47C}.Debug|x86.ActiveCfg = Debug|x86
		{518680BC-9186-4710-B944-5F596137D47C}.Debug|x86.Build.0 = Debug|x86
		{518680BC-9186-4710-B944-5F596137D47C}.Release|Any CPU.ActiveCfg = Release|Any CPU
		{518680BC-9186-4710-B944-5F596137D47C}.Release|Any CPU.Build.0 = Release|Any CPU
		{518680BC-9186-4710-B944-5F596137D47C}.Release|ARM.ActiveCfg = Release|ARM
		{518680BC-9186-4710-B944-5F596137D47C}.Release|ARM.Build.0 = Release|ARM
		{518680BC-9186-4710-B944-5F596137D47C}.Release|Mixed Platforms.ActiveCfg = Release|x86
		{518680BC-9186-4710-B944-5F596137D47C}.Release|Mixed Platforms.Build.0 = Release|x86
		{518680BC-9186-4710-B944-5F596137D47C}.Release|x64.ActiveCfg = Release|Any CPU
		{518680BC-9186-4710-B944-5F596137D47C}.Release|x64.Build.0 = Release|Any CPU
		{518680BC-9186-4710-B944-5F596137D47C}.Release|x86.ActiveCfg = Release|ARM
		{518680BC-9186-4710-B944-5F596137D47C}.Release|x86.Build.0 = Release|ARM
		{518680BC-9186-4710-B944-5F596137D47C}.Windwos Phone Native|Any CPU.ActiveCfg = Debug|Any CPU
		{518680BC-9186-4710-B944-5F596137D47C}.Windwos Phone Native|Any CPU.Build.0 = Debug|Any CPU
		{518680BC-9186-4710-B944-5F596137D47C}.Windwos Phone Native|ARM.ActiveCfg = Debug|ARM
		{518680BC-9186-4710-B944-5F596137D47C}.Windwos Phone Native|ARM.Build.0 = Debug|ARM
		{518680BC-9186-4710-B944-5F596137D47C}.Windwos Phone Native|Mixed Platforms.ActiveCfg = Debug|x86
		{518680BC-9186-4710-B944-5F596137D47C}.Windwos Phone Native|Mixed Platforms.Build.0 = Debug|x86
		{518680BC-9186-4710-B944-5F596137D47C}.Windwos Phone Native|x64.ActiveCfg = Debug|Any CPU
		{518680BC-9186-4710-B944-5F596137D47C}.Windwos Phone Native|x64.Build.0 = Debug|Any CPU
		{518680BC-9186-4710-B944-5F596137D47C}.Windwos Phone Native|x86.ActiveCfg = Debug|x86
		{518680BC-9186-4710-B944-5F596137D47C}.Windwos Phone Native|x86.Build.0 = Debug|x86
		{518680BC-9186-4710-B944-5F596137D47C}.Xamarin|Any CPU.ActiveCfg = Android|Any CPU
		{518680BC-9186-4710-B944-5F596137D47C}.Xamarin|Any CPU.Build.0 = Android|Any CPU
		{518680BC-9186-4710-B944-5F596137D47C}.Xamarin|ARM.ActiveCfg = Android|ARM
		{518680BC-9186-4710-B944-5F596137D47C}.Xamarin|ARM.Build.0 = Android|ARM
		{518680BC-9186-4710-B944-5F596137D47C}.Xamarin|Mixed Platforms.ActiveCfg = Android|x86
		{518680BC-9186-4710-B944-5F596137D47C}.Xamarin|Mixed Platforms.Build.0 = Android|x86
		{518680BC-9186-4710-B944-5F596137D47C}.Xamarin|x64.ActiveCfg = Android|Any CPU
		{518680BC-9186-4710-B944-5F596137D47C}.Xamarin|x64.Build.0 = Android|Any CPU
		{518680BC-9186-4710-B944-5F596137D47C}.Xamarin|x86.ActiveCfg = Android|x86
		{518680BC-9186-4710-B944-5F596137D47C}.Xamarin|x86.Build.0 = Android|x86
		{48AA60FF-9377-4BA5-81D7-C0488BFC529A}.Debug|Any CPU.ActiveCfg = Debug|Any CPU
		{48AA60FF-9377-4BA5-81D7-C0488BFC529A}.Debug|Any CPU.Build.0 = Debug|Any CPU
		{48AA60FF-9377-4BA5-81D7-C0488BFC529A}.Debug|ARM.ActiveCfg = Debug|ARM
		{48AA60FF-9377-4BA5-81D7-C0488BFC529A}.Debug|ARM.Build.0 = Debug|ARM
		{48AA60FF-9377-4BA5-81D7-C0488BFC529A}.Debug|Mixed Platforms.ActiveCfg = Debug|x86
		{48AA60FF-9377-4BA5-81D7-C0488BFC529A}.Debug|Mixed Platforms.Build.0 = Debug|x86
		{48AA60FF-9377-4BA5-81D7-C0488BFC529A}.Debug|x64.ActiveCfg = Debug|Any CPU
		{48AA60FF-9377-4BA5-81D7-C0488BFC529A}.Debug|x64.Build.0 = Debug|Any CPU
		{48AA60FF-9377-4BA5-81D7-C0488BFC529A}.Debug|x86.ActiveCfg = Debug|x86
		{48AA60FF-9377-4BA5-81D7-C0488BFC529A}.Debug|x86.Build.0 = Debug|x86
		{48AA60FF-9377-4BA5-81D7-C0488BFC529A}.Release|Any CPU.ActiveCfg = Release|Any CPU
		{48AA60FF-9377-4BA5-81D7-C0488BFC529A}.Release|Any CPU.Build.0 = Release|Any CPU
		{48AA60FF-9377-4BA5-81D7-C0488BFC529A}.Release|ARM.ActiveCfg = Release|ARM
		{48AA60FF-9377-4BA5-81D7-C0488BFC529A}.Release|ARM.Build.0 = Release|ARM
		{48AA60FF-9377-4BA5-81D7-C0488BFC529A}.Release|Mixed Platforms.ActiveCfg = Release|Any CPU
		{48AA60FF-9377-4BA5-81D7-C0488BFC529A}.Release|Mixed Platforms.Build.0 = Release|Any CPU
		{48AA60FF-9377-4BA5-81D7-C0488BFC529A}.Release|x64.ActiveCfg = Release|Any CPU
		{48AA60FF-9377-4BA5-81D7-C0488BFC529A}.Release|x64.Build.0 = Release|Any CPU
		{48AA60FF-9377-4BA5-81D7-C0488BFC529A}.Release|x86.ActiveCfg = Release|Any CPU
		{48AA60FF-9377-4BA5-81D7-C0488BFC529A}.Windwos Phone Native|Any CPU.ActiveCfg = Debug|Any CPU
		{48AA60FF-9377-4BA5-81D7-C0488BFC529A}.Windwos Phone Native|Any CPU.Build.0 = Debug|Any CPU
		{48AA60FF-9377-4BA5-81D7-C0488BFC529A}.Windwos Phone Native|ARM.ActiveCfg = Debug|ARM
		{48AA60FF-9377-4BA5-81D7-C0488BFC529A}.Windwos Phone Native|ARM.Build.0 = Debug|ARM
		{48AA60FF-9377-4BA5-81D7-C0488BFC529A}.Windwos Phone Native|Mixed Platforms.ActiveCfg = Debug|Any CPU
		{48AA60FF-9377-4BA5-81D7-C0488BFC529A}.Windwos Phone Native|Mixed Platforms.Build.0 = Debug|Any CPU
		{48AA60FF-9377-4BA5-81D7-C0488BFC529A}.Windwos Phone Native|x64.ActiveCfg = Debug|Any CPU
		{48AA60FF-9377-4BA5-81D7-C0488BFC529A}.Windwos Phone Native|x64.Build.0 = Debug|Any CPU
		{48AA60FF-9377-4BA5-81D7-C0488BFC529A}.Windwos Phone Native|x86.ActiveCfg = Debug|x86
		{48AA60FF-9377-4BA5-81D7-C0488BFC529A}.Windwos Phone Native|x86.Build.0 = Debug|x86
		{48AA60FF-9377-4BA5-81D7-C0488BFC529A}.Xamarin|Any CPU.ActiveCfg = Android|Any CPU
		{48AA60FF-9377-4BA5-81D7-C0488BFC529A}.Xamarin|Any CPU.Build.0 = Android|Any CPU
		{48AA60FF-9377-4BA5-81D7-C0488BFC529A}.Xamarin|ARM.ActiveCfg = Android|ARM
		{48AA60FF-9377-4BA5-81D7-C0488BFC529A}.Xamarin|ARM.Build.0 = Android|ARM
		{48AA60FF-9377-4BA5-81D7-C0488BFC529A}.Xamarin|Mixed Platforms.ActiveCfg = Android|x86
		{48AA60FF-9377-4BA5-81D7-C0488BFC529A}.Xamarin|Mixed Platforms.Build.0 = Android|x86
		{48AA60FF-9377-4BA5-81D7-C0488BFC529A}.Xamarin|x64.ActiveCfg = Android|Any CPU
		{48AA60FF-9377-4BA5-81D7-C0488BFC529A}.Xamarin|x64.Build.0 = Android|Any CPU
		{48AA60FF-9377-4BA5-81D7-C0488BFC529A}.Xamarin|x86.ActiveCfg = Android|x86
		{48AA60FF-9377-4BA5-81D7-C0488BFC529A}.Xamarin|x86.Build.0 = Android|x86
		{C921BCB6-3453-451F-911D-99502DCF6152}.Debug|Any CPU.ActiveCfg = Debug|Any CPU
		{C921BCB6-3453-451F-911D-99502DCF6152}.Debug|Any CPU.Build.0 = Debug|Any CPU
		{C921BCB6-3453-451F-911D-99502DCF6152}.Debug|ARM.ActiveCfg = Debug|ARM
		{C921BCB6-3453-451F-911D-99502DCF6152}.Debug|ARM.Build.0 = Debug|ARM
		{C921BCB6-3453-451F-911D-99502DCF6152}.Debug|Mixed Platforms.ActiveCfg = Debug|x86
		{C921BCB6-3453-451F-911D-99502DCF6152}.Debug|Mixed Platforms.Build.0 = Debug|x86
		{C921BCB6-3453-451F-911D-99502DCF6152}.Debug|x64.ActiveCfg = Debug|Any CPU
		{C921BCB6-3453-451F-911D-99502DCF6152}.Debug|x64.Build.0 = Debug|Any CPU
		{C921BCB6-3453-451F-911D-99502DCF6152}.Debug|x86.ActiveCfg = Debug|x86
		{C921BCB6-3453-451F-911D-99502DCF6152}.Debug|x86.Build.0 = Debug|x86
		{C921BCB6-3453-451F-911D-99502DCF6152}.Release|Any CPU.ActiveCfg = Release|Any CPU
		{C921BCB6-3453-451F-911D-99502DCF6152}.Release|Any CPU.Build.0 = Release|Any CPU
		{C921BCB6-3453-451F-911D-99502DCF6152}.Release|ARM.ActiveCfg = Release|ARM
		{C921BCB6-3453-451F-911D-99502DCF6152}.Release|ARM.Build.0 = Release|ARM
		{C921BCB6-3453-451F-911D-99502DCF6152}.Release|Mixed Platforms.ActiveCfg = Release|Any CPU
		{C921BCB6-3453-451F-911D-99502DCF6152}.Release|Mixed Platforms.Build.0 = Release|Any CPU
		{C921BCB6-3453-451F-911D-99502DCF6152}.Release|x64.ActiveCfg = Release|Any CPU
		{C921BCB6-3453-451F-911D-99502DCF6152}.Release|x64.Build.0 = Release|Any CPU
		{C921BCB6-3453-451F-911D-99502DCF6152}.Release|x86.ActiveCfg = Release|Any CPU
		{C921BCB6-3453-451F-911D-99502DCF6152}.Windwos Phone Native|Any CPU.ActiveCfg = Debug|Any CPU
		{C921BCB6-3453-451F-911D-99502DCF6152}.Windwos Phone Native|Any CPU.Build.0 = Debug|Any CPU
		{C921BCB6-3453-451F-911D-99502DCF6152}.Windwos Phone Native|ARM.ActiveCfg = Debug|ARM
		{C921BCB6-3453-451F-911D-99502DCF6152}.Windwos Phone Native|ARM.Build.0 = Debug|ARM
		{C921BCB6-3453-451F-911D-99502DCF6152}.Windwos Phone Native|Mixed Platforms.ActiveCfg = Debug|Any CPU
		{C921BCB6-3453-451F-911D-99502DCF6152}.Windwos Phone Native|Mixed Platforms.Build.0 = Debug|Any CPU
		{C921BCB6-3453-451F-911D-99502DCF6152}.Windwos Phone Native|x64.ActiveCfg = Debug|Any CPU
		{C921BCB6-3453-451F-911D-99502DCF6152}.Windwos Phone Native|x64.Build.0 = Debug|Any CPU
		{C921BCB6-3453-451F-911D-99502DCF6152}.Windwos Phone Native|x86.ActiveCfg = Debug|x86
		{C921BCB6-3453-451F-911D-99502DCF6152}.Windwos Phone Native|x86.Build.0 = Debug|x86
		{C921BCB6-3453-451F-911D-99502DCF6152}.Windwos Phone Native|x86.Deploy.0 = Debug|x86
		{C921BCB6-3453-451F-911D-99502DCF6152}.Xamarin|Any CPU.ActiveCfg = Android|Any CPU
		{C921BCB6-3453-451F-911D-99502DCF6152}.Xamarin|Any CPU.Build.0 = Android|Any CPU
		{C921BCB6-3453-451F-911D-99502DCF6152}.Xamarin|ARM.ActiveCfg = Android|ARM
		{C921BCB6-3453-451F-911D-99502DCF6152}.Xamarin|ARM.Build.0 = Android|ARM
		{C921BCB6-3453-451F-911D-99502DCF6152}.Xamarin|Mixed Platforms.ActiveCfg = Android|x86
		{C921BCB6-3453-451F-911D-99502DCF6152}.Xamarin|Mixed Platforms.Build.0 = Android|x86
		{C921BCB6-3453-451F-911D-99502DCF6152}.Xamarin|x64.ActiveCfg = Android|Any CPU
		{C921BCB6-3453-451F-911D-99502DCF6152}.Xamarin|x64.Build.0 = Android|Any CPU
		{C921BCB6-3453-451F-911D-99502DCF6152}.Xamarin|x86.ActiveCfg = Android|x86
		{C921BCB6-3453-451F-911D-99502DCF6152}.Xamarin|x86.Build.0 = Android|x86
		{5284C071-B394-43D2-9EB6-AF183769CE11}.Debug|Any CPU.ActiveCfg = Debug|x86
		{5284C071-B394-43D2-9EB6-AF183769CE11}.Debug|ARM.ActiveCfg = Debug|ARM
		{5284C071-B394-43D2-9EB6-AF183769CE11}.Debug|ARM.Build.0 = Debug|ARM
		{5284C071-B394-43D2-9EB6-AF183769CE11}.Debug|ARM.Deploy.0 = Debug|ARM
		{5284C071-B394-43D2-9EB6-AF183769CE11}.Debug|Mixed Platforms.ActiveCfg = Debug|x86
		{5284C071-B394-43D2-9EB6-AF183769CE11}.Debug|Mixed Platforms.Build.0 = Debug|x86
		{5284C071-B394-43D2-9EB6-AF183769CE11}.Debug|Mixed Platforms.Deploy.0 = Debug|x86
		{5284C071-B394-43D2-9EB6-AF183769CE11}.Debug|x64.ActiveCfg = Debug|x86
		{5284C071-B394-43D2-9EB6-AF183769CE11}.Debug|x86.ActiveCfg = Debug|x86
		{5284C071-B394-43D2-9EB6-AF183769CE11}.Debug|x86.Build.0 = Debug|x86
		{5284C071-B394-43D2-9EB6-AF183769CE11}.Debug|x86.Deploy.0 = Debug|x86
		{5284C071-B394-43D2-9EB6-AF183769CE11}.Release|Any CPU.ActiveCfg = Release|x86
		{5284C071-B394-43D2-9EB6-AF183769CE11}.Release|ARM.ActiveCfg = Release|ARM
		{5284C071-B394-43D2-9EB6-AF183769CE11}.Release|ARM.Build.0 = Release|ARM
		{5284C071-B394-43D2-9EB6-AF183769CE11}.Release|ARM.Deploy.0 = Release|ARM
		{5284C071-B394-43D2-9EB6-AF183769CE11}.Release|Mixed Platforms.ActiveCfg = Release|x86
		{5284C071-B394-43D2-9EB6-AF183769CE11}.Release|Mixed Platforms.Build.0 = Release|x86
		{5284C071-B394-43D2-9EB6-AF183769CE11}.Release|Mixed Platforms.Deploy.0 = Release|x86
		{5284C071-B394-43D2-9EB6-AF183769CE11}.Release|x64.ActiveCfg = Release|x86
		{5284C071-B394-43D2-9EB6-AF183769CE11}.Release|x86.ActiveCfg = Release|x86
		{5284C071-B394-43D2-9EB6-AF183769CE11}.Release|x86.Build.0 = Release|x86
		{5284C071-B394-43D2-9EB6-AF183769CE11}.Release|x86.Deploy.0 = Release|x86
		{5284C071-B394-43D2-9EB6-AF183769CE11}.Windwos Phone Native|Any CPU.ActiveCfg = Debug|x86
		{5284C071-B394-43D2-9EB6-AF183769CE11}.Windwos Phone Native|ARM.ActiveCfg = Debug|ARM
		{5284C071-B394-43D2-9EB6-AF183769CE11}.Windwos Phone Native|ARM.Build.0 = Debug|ARM
		{5284C071-B394-43D2-9EB6-AF183769CE11}.Windwos Phone Native|ARM.Deploy.0 = Debug|ARM
		{5284C071-B394-43D2-9EB6-AF183769CE11}.Windwos Phone Native|Mixed Platforms.ActiveCfg = Debug|x86
		{5284C071-B394-43D2-9EB6-AF183769CE11}.Windwos Phone Native|Mixed Platforms.Build.0 = Debug|x86
		{5284C071-B394-43D2-9EB6-AF183769CE11}.Windwos Phone Native|Mixed Platforms.Deploy.0 = Debug|x86
		{5284C071-B394-43D2-9EB6-AF183769CE11}.Windwos Phone Native|x64.ActiveCfg = Debug|x86
		{5284C071-B394-43D2-9EB6-AF183769CE11}.Windwos Phone Native|x86.ActiveCfg = Debug|x86
		{5284C071-B394-43D2-9EB6-AF183769CE11}.Windwos Phone Native|x86.Build.0 = Debug|x86
		{5284C071-B394-43D2-9EB6-AF183769CE11}.Windwos Phone Native|x86.Deploy.0 = Debug|x86
		{5284C071-B394-43D2-9EB6-AF183769CE11}.Xamarin|Any CPU.ActiveCfg = Android|x86
		{5284C071-B394-43D2-9EB6-AF183769CE11}.Xamarin|ARM.ActiveCfg = Android|ARM
		{5284C071-B394-43D2-9EB6-AF183769CE11}.Xamarin|ARM.Build.0 = Android|ARM
		{5284C071-B394-43D2-9EB6-AF183769CE11}.Xamarin|ARM.Deploy.0 = Android|ARM
		{5284C071-B394-43D2-9EB6-AF183769CE11}.Xamarin|Mixed Platforms.ActiveCfg = Android|x86
		{5284C071-B394-43D2-9EB6-AF183769CE11}.Xamarin|Mixed Platforms.Build.0 = Android|x86
		{5284C071-B394-43D2-9EB6-AF183769CE11}.Xamarin|Mixed Platforms.Deploy.0 = Android|x86
		{5284C071-B394-43D2-9EB6-AF183769CE11}.Xamarin|x64.ActiveCfg = Android|x86
		{5284C071-B394-43D2-9EB6-AF183769CE11}.Xamarin|x86.ActiveCfg = Android|x86
		{5284C071-B394-43D2-9EB6-AF183769CE11}.Xamarin|x86.Build.0 = Android|x86
		{5284C071-B394-43D2-9EB6-AF183769CE11}.Xamarin|x86.Deploy.0 = Android|x86
		{735C8510-B76F-4ABF-A7FA-45610055B93D}.Debug|Any CPU.ActiveCfg = Debug|Any CPU
		{735C8510-B76F-4ABF-A7FA-45610055B93D}.Debug|ARM.ActiveCfg = Debug|Any CPU
		{735C8510-B76F-4ABF-A7FA-45610055B93D}.Debug|Mixed Platforms.ActiveCfg = Debug|Any CPU
		{735C8510-B76F-4ABF-A7FA-45610055B93D}.Debug|x64.ActiveCfg = Debug|Any CPU
		{735C8510-B76F-4ABF-A7FA-45610055B93D}.Debug|x86.ActiveCfg = Debug|Any CPU
		{735C8510-B76F-4ABF-A7FA-45610055B93D}.Release|Any CPU.ActiveCfg = Release|Any CPU
		{735C8510-B76F-4ABF-A7FA-45610055B93D}.Release|Any CPU.Build.0 = Release|Any CPU
		{735C8510-B76F-4ABF-A7FA-45610055B93D}.Release|Any CPU.Deploy.0 = Release|Any CPU
		{735C8510-B76F-4ABF-A7FA-45610055B93D}.Release|ARM.ActiveCfg = Release|Any CPU
		{735C8510-B76F-4ABF-A7FA-45610055B93D}.Release|ARM.Build.0 = Release|Any CPU
		{735C8510-B76F-4ABF-A7FA-45610055B93D}.Release|ARM.Deploy.0 = Release|Any CPU
		{735C8510-B76F-4ABF-A7FA-45610055B93D}.Release|Mixed Platforms.ActiveCfg = Release|Any CPU
		{735C8510-B76F-4ABF-A7FA-45610055B93D}.Release|Mixed Platforms.Build.0 = Release|Any CPU
		{735C8510-B76F-4ABF-A7FA-45610055B93D}.Release|Mixed Platforms.Deploy.0 = Release|Any CPU
		{735C8510-B76F-4ABF-A7FA-45610055B93D}.Release|x64.ActiveCfg = Release|Any CPU
		{735C8510-B76F-4ABF-A7FA-45610055B93D}.Release|x64.Build.0 = Release|Any CPU
		{735C8510-B76F-4ABF-A7FA-45610055B93D}.Release|x64.Deploy.0 = Release|Any CPU
		{735C8510-B76F-4ABF-A7FA-45610055B93D}.Release|x86.ActiveCfg = Release|Any CPU
		{735C8510-B76F-4ABF-A7FA-45610055B93D}.Release|x86.Build.0 = Release|Any CPU
		{735C8510-B76F-4ABF-A7FA-45610055B93D}.Release|x86.Deploy.0 = Release|Any CPU
		{735C8510-B76F-4ABF-A7FA-45610055B93D}.Windwos Phone Native|Any CPU.ActiveCfg = Debug|Any CPU
		{735C8510-B76F-4ABF-A7FA-45610055B93D}.Windwos Phone Native|Any CPU.Build.0 = Debug|Any CPU
		{735C8510-B76F-4ABF-A7FA-45610055B93D}.Windwos Phone Native|Any CPU.Deploy.0 = Debug|Any CPU
		{735C8510-B76F-4ABF-A7FA-45610055B93D}.Windwos Phone Native|ARM.ActiveCfg = Debug|Any CPU
		{735C8510-B76F-4ABF-A7FA-45610055B93D}.Windwos Phone Native|ARM.Build.0 = Debug|Any CPU
		{735C8510-B76F-4ABF-A7FA-45610055B93D}.Windwos Phone Native|ARM.Deploy.0 = Debug|Any CPU
		{735C8510-B76F-4ABF-A7FA-45610055B93D}.Windwos Phone Native|Mixed Platforms.ActiveCfg = Debug|Any CPU
		{735C8510-B76F-4ABF-A7FA-45610055B93D}.Windwos Phone Native|Mixed Platforms.Build.0 = Debug|Any CPU
		{735C8510-B76F-4ABF-A7FA-45610055B93D}.Windwos Phone Native|Mixed Platforms.Deploy.0 = Debug|Any CPU
		{735C8510-B76F-4ABF-A7FA-45610055B93D}.Windwos Phone Native|x64.ActiveCfg = Debug|Any CPU
		{735C8510-B76F-4ABF-A7FA-45610055B93D}.Windwos Phone Native|x64.Build.0 = Debug|Any CPU
		{735C8510-B76F-4ABF-A7FA-45610055B93D}.Windwos Phone Native|x64.Deploy.0 = Debug|Any CPU
		{735C8510-B76F-4ABF-A7FA-45610055B93D}.Windwos Phone Native|x86.ActiveCfg = Debug|Any CPU
		{735C8510-B76F-4ABF-A7FA-45610055B93D}.Windwos Phone Native|x86.Build.0 = Debug|Any CPU
		{735C8510-B76F-4ABF-A7FA-45610055B93D}.Windwos Phone Native|x86.Deploy.0 = Debug|Any CPU
		{735C8510-B76F-4ABF-A7FA-45610055B93D}.Xamarin|Any CPU.ActiveCfg = Android|Any CPU
		{735C8510-B76F-4ABF-A7FA-45610055B93D}.Xamarin|Any CPU.Build.0 = Android|Any CPU
		{735C8510-B76F-4ABF-A7FA-45610055B93D}.Xamarin|Any CPU.Deploy.0 = Android|Any CPU
		{735C8510-B76F-4ABF-A7FA-45610055B93D}.Xamarin|ARM.ActiveCfg = Android|Any CPU
		{735C8510-B76F-4ABF-A7FA-45610055B93D}.Xamarin|ARM.Build.0 = Android|Any CPU
		{735C8510-B76F-4ABF-A7FA-45610055B93D}.Xamarin|ARM.Deploy.0 = Android|Any CPU
		{735C8510-B76F-4ABF-A7FA-45610055B93D}.Xamarin|Mixed Platforms.ActiveCfg = Android|Any CPU
		{735C8510-B76F-4ABF-A7FA-45610055B93D}.Xamarin|Mixed Platforms.Build.0 = Android|Any CPU
		{735C8510-B76F-4ABF-A7FA-45610055B93D}.Xamarin|Mixed Platforms.Deploy.0 = Android|Any CPU
		{735C8510-B76F-4ABF-A7FA-45610055B93D}.Xamarin|x64.ActiveCfg = Android|Any CPU
		{735C8510-B76F-4ABF-A7FA-45610055B93D}.Xamarin|x64.Build.0 = Android|Any CPU
		{735C8510-B76F-4ABF-A7FA-45610055B93D}.Xamarin|x64.Deploy.0 = Android|Any CPU
		{735C8510-B76F-4ABF-A7FA-45610055B93D}.Xamarin|x86.ActiveCfg = Android|Any CPU
		{735C8510-B76F-4ABF-A7FA-45610055B93D}.Xamarin|x86.Build.0 = Android|Any CPU
		{735C8510-B76F-4ABF-A7FA-45610055B93D}.Xamarin|x86.Deploy.0 = Android|Any CPU
		{7EA4C412-3BE0-4EF3-A20A-9F73DA6A1F91}.Debug|Any CPU.ActiveCfg = Debug|Any CPU
		{7EA4C412-3BE0-4EF3-A20A-9F73DA6A1F91}.Debug|ARM.ActiveCfg = Debug|ARM
		{7EA4C412-3BE0-4EF3-A20A-9F73DA6A1F91}.Debug|Mixed Platforms.ActiveCfg = Debug|x86
		{7EA4C412-3BE0-4EF3-A20A-9F73DA6A1F91}.Debug|x64.ActiveCfg = Debug|Any CPU
		{7EA4C412-3BE0-4EF3-A20A-9F73DA6A1F91}.Debug|x86.ActiveCfg = Debug|x86
		{7EA4C412-3BE0-4EF3-A20A-9F73DA6A1F91}.Release|Any CPU.ActiveCfg = Release|Any CPU
		{7EA4C412-3BE0-4EF3-A20A-9F73DA6A1F91}.Release|Any CPU.Build.0 = Release|Any CPU
		{7EA4C412-3BE0-4EF3-A20A-9F73DA6A1F91}.Release|ARM.ActiveCfg = Release|Any CPU
		{7EA4C412-3BE0-4EF3-A20A-9F73DA6A1F91}.Release|ARM.Build.0 = Release|Any CPU
		{7EA4C412-3BE0-4EF3-A20A-9F73DA6A1F91}.Release|Mixed Platforms.ActiveCfg = Release|Any CPU
		{7EA4C412-3BE0-4EF3-A20A-9F73DA6A1F91}.Release|Mixed Platforms.Build.0 = Release|Any CPU
		{7EA4C412-3BE0-4EF3-A20A-9F73DA6A1F91}.Release|x64.ActiveCfg = Release|Any CPU
		{7EA4C412-3BE0-4EF3-A20A-9F73DA6A1F91}.Release|x64.Build.0 = Release|Any CPU
		{7EA4C412-3BE0-4EF3-A20A-9F73DA6A1F91}.Release|x86.ActiveCfg = Release|Any CPU
		{7EA4C412-3BE0-4EF3-A20A-9F73DA6A1F91}.Release|x86.Build.0 = Release|Any CPU
		{7EA4C412-3BE0-4EF3-A20A-9F73DA6A1F91}.Windwos Phone Native|Any CPU.ActiveCfg = Debug|Any CPU
		{7EA4C412-3BE0-4EF3-A20A-9F73DA6A1F91}.Windwos Phone Native|Any CPU.Build.0 = Debug|Any CPU
		{7EA4C412-3BE0-4EF3-A20A-9F73DA6A1F91}.Windwos Phone Native|ARM.ActiveCfg = Debug|Any CPU
		{7EA4C412-3BE0-4EF3-A20A-9F73DA6A1F91}.Windwos Phone Native|ARM.Build.0 = Debug|Any CPU
		{7EA4C412-3BE0-4EF3-A20A-9F73DA6A1F91}.Windwos Phone Native|Mixed Platforms.ActiveCfg = Debug|Any CPU
		{7EA4C412-3BE0-4EF3-A20A-9F73DA6A1F91}.Windwos Phone Native|Mixed Platforms.Build.0 = Debug|Any CPU
		{7EA4C412-3BE0-4EF3-A20A-9F73DA6A1F91}.Windwos Phone Native|x64.ActiveCfg = Debug|Any CPU
		{7EA4C412-3BE0-4EF3-A20A-9F73DA6A1F91}.Windwos Phone Native|x64.Build.0 = Debug|Any CPU
		{7EA4C412-3BE0-4EF3-A20A-9F73DA6A1F91}.Windwos Phone Native|x86.ActiveCfg = Debug|Any CPU
		{7EA4C412-3BE0-4EF3-A20A-9F73DA6A1F91}.Windwos Phone Native|x86.Build.0 = Debug|Any CPU
		{7EA4C412-3BE0-4EF3-A20A-9F73DA6A1F91}.Xamarin|Any CPU.ActiveCfg = Android|Any CPU
		{7EA4C412-3BE0-4EF3-A20A-9F73DA6A1F91}.Xamarin|Any CPU.Build.0 = Android|Any CPU
		{7EA4C412-3BE0-4EF3-A20A-9F73DA6A1F91}.Xamarin|ARM.ActiveCfg = Android|ARM
		{7EA4C412-3BE0-4EF3-A20A-9F73DA6A1F91}.Xamarin|ARM.Build.0 = Android|ARM
		{7EA4C412-3BE0-4EF3-A20A-9F73DA6A1F91}.Xamarin|Mixed Platforms.ActiveCfg = Android|Any CPU
		{7EA4C412-3BE0-4EF3-A20A-9F73DA6A1F91}.Xamarin|Mixed Platforms.Build.0 = Android|Any CPU
		{7EA4C412-3BE0-4EF3-A20A-9F73DA6A1F91}.Xamarin|x64.ActiveCfg = Android|Any CPU
		{7EA4C412-3BE0-4EF3-A20A-9F73DA6A1F91}.Xamarin|x64.Build.0 = Android|Any CPU
		{7EA4C412-3BE0-4EF3-A20A-9F73DA6A1F91}.Xamarin|x86.ActiveCfg = Android|x86
		{7EA4C412-3BE0-4EF3-A20A-9F73DA6A1F91}.Xamarin|x86.Build.0 = Android|x86
		{A3631573-8DB7-44F1-8250-44776B693CB4}.Debug|Any CPU.ActiveCfg = Debug|Any CPU
		{A3631573-8DB7-44F1-8250-44776B693CB4}.Debug|ARM.ActiveCfg = Debug|Any CPU
		{A3631573-8DB7-44F1-8250-44776B693CB4}.Debug|Mixed Platforms.ActiveCfg = Debug|Any CPU
		{A3631573-8DB7-44F1-8250-44776B693CB4}.Debug|x64.ActiveCfg = Debug|Any CPU
		{A3631573-8DB7-44F1-8250-44776B693CB4}.Debug|x86.ActiveCfg = Debug|Any CPU
		{A3631573-8DB7-44F1-8250-44776B693CB4}.Release|Any CPU.ActiveCfg = Release|Any CPU
		{A3631573-8DB7-44F1-8250-44776B693CB4}.Release|Any CPU.Build.0 = Release|Any CPU
		{A3631573-8DB7-44F1-8250-44776B693CB4}.Release|ARM.ActiveCfg = Release|Any CPU
		{A3631573-8DB7-44F1-8250-44776B693CB4}.Release|ARM.Build.0 = Release|Any CPU
		{A3631573-8DB7-44F1-8250-44776B693CB4}.Release|Mixed Platforms.ActiveCfg = Release|Any CPU
		{A3631573-8DB7-44F1-8250-44776B693CB4}.Release|Mixed Platforms.Build.0 = Release|Any CPU
		{A3631573-8DB7-44F1-8250-44776B693CB4}.Release|x64.ActiveCfg = Release|Any CPU
		{A3631573-8DB7-44F1-8250-44776B693CB4}.Release|x64.Build.0 = Release|Any CPU
		{A3631573-8DB7-44F1-8250-44776B693CB4}.Release|x64.Deploy.0 = Release|Any CPU
		{A3631573-8DB7-44F1-8250-44776B693CB4}.Release|x86.ActiveCfg = Release|Any CPU
		{A3631573-8DB7-44F1-8250-44776B693CB4}.Release|x86.Build.0 = Release|Any CPU
		{A3631573-8DB7-44F1-8250-44776B693CB4}.Windwos Phone Native|Any CPU.ActiveCfg = Debug|Any CPU
		{A3631573-8DB7-44F1-8250-44776B693CB4}.Windwos Phone Native|Any CPU.Build.0 = Debug|Any CPU
		{A3631573-8DB7-44F1-8250-44776B693CB4}.Windwos Phone Native|ARM.ActiveCfg = Debug|Any CPU
		{A3631573-8DB7-44F1-8250-44776B693CB4}.Windwos Phone Native|ARM.Build.0 = Debug|Any CPU
		{A3631573-8DB7-44F1-8250-44776B693CB4}.Windwos Phone Native|Mixed Platforms.ActiveCfg = Debug|Any CPU
		{A3631573-8DB7-44F1-8250-44776B693CB4}.Windwos Phone Native|Mixed Platforms.Build.0 = Debug|Any CPU
		{A3631573-8DB7-44F1-8250-44776B693CB4}.Windwos Phone Native|x64.ActiveCfg = Debug|Any CPU
		{A3631573-8DB7-44F1-8250-44776B693CB4}.Windwos Phone Native|x64.Build.0 = Debug|Any CPU
		{A3631573-8DB7-44F1-8250-44776B693CB4}.Windwos Phone Native|x64.Deploy.0 = Debug|Any CPU
		{A3631573-8DB7-44F1-8250-44776B693CB4}.Windwos Phone Native|x86.ActiveCfg = Debug|Any CPU
		{A3631573-8DB7-44F1-8250-44776B693CB4}.Windwos Phone Native|x86.Build.0 = Debug|Any CPU
		{A3631573-8DB7-44F1-8250-44776B693CB4}.Xamarin|Any CPU.ActiveCfg = Android|Any CPU
		{A3631573-8DB7-44F1-8250-44776B693CB4}.Xamarin|Any CPU.Build.0 = Android|Any CPU
		{A3631573-8DB7-44F1-8250-44776B693CB4}.Xamarin|Any CPU.Deploy.0 = Android|Any CPU
		{A3631573-8DB7-44F1-8250-44776B693CB4}.Xamarin|ARM.ActiveCfg = Android|Any CPU
		{A3631573-8DB7-44F1-8250-44776B693CB4}.Xamarin|ARM.Build.0 = Android|Any CPU
		{A3631573-8DB7-44F1-8250-44776B693CB4}.Xamarin|ARM.Deploy.0 = Android|Any CPU
		{A3631573-8DB7-44F1-8250-44776B693CB4}.Xamarin|Mixed Platforms.ActiveCfg = Android|Any CPU
		{A3631573-8DB7-44F1-8250-44776B693CB4}.Xamarin|Mixed Platforms.Build.0 = Android|Any CPU
		{A3631573-8DB7-44F1-8250-44776B693CB4}.Xamarin|Mixed Platforms.Deploy.0 = Android|Any CPU
		{A3631573-8DB7-44F1-8250-44776B693CB4}.Xamarin|x64.ActiveCfg = Android|Any CPU
		{A3631573-8DB7-44F1-8250-44776B693CB4}.Xamarin|x64.Build.0 = Android|Any CPU
		{A3631573-8DB7-44F1-8250-44776B693CB4}.Xamarin|x64.Deploy.0 = Android|Any CPU
		{A3631573-8DB7-44F1-8250-44776B693CB4}.Xamarin|x86.ActiveCfg = Android|Any CPU
		{A3631573-8DB7-44F1-8250-44776B693CB4}.Xamarin|x86.Build.0 = Android|Any CPU
		{A3631573-8DB7-44F1-8250-44776B693CB4}.Xamarin|x86.Deploy.0 = Android|Any CPU
		{7F22D053-0F23-41C1-9E02-1DCE8788BF4E}.Debug|Any CPU.ActiveCfg = Debug|Any CPU
		{7F22D053-0F23-41C1-9E02-1DCE8788BF4E}.Debug|ARM.ActiveCfg = Debug|Any CPU
		{7F22D053-0F23-41C1-9E02-1DCE8788BF4E}.Debug|Mixed Platforms.ActiveCfg = Debug|Any CPU
		{7F22D053-0F23-41C1-9E02-1DCE8788BF4E}.Debug|x64.ActiveCfg = Debug|Any CPU
		{7F22D053-0F23-41C1-9E02-1DCE8788BF4E}.Debug|x86.ActiveCfg = Debug|Any CPU
		{7F22D053-0F23-41C1-9E02-1DCE8788BF4E}.Release|Any CPU.ActiveCfg = Release|Any CPU
		{7F22D053-0F23-41C1-9E02-1DCE8788BF4E}.Release|Any CPU.Build.0 = Release|Any CPU
		{7F22D053-0F23-41C1-9E02-1DCE8788BF4E}.Release|ARM.ActiveCfg = Release|Any CPU
		{7F22D053-0F23-41C1-9E02-1DCE8788BF4E}.Release|ARM.Build.0 = Release|Any CPU
		{7F22D053-0F23-41C1-9E02-1DCE8788BF4E}.Release|Mixed Platforms.ActiveCfg = Release|Any CPU
		{7F22D053-0F23-41C1-9E02-1DCE8788BF4E}.Release|Mixed Platforms.Build.0 = Release|Any CPU
		{7F22D053-0F23-41C1-9E02-1DCE8788BF4E}.Release|x64.ActiveCfg = Release|Any CPU
		{7F22D053-0F23-41C1-9E02-1DCE8788BF4E}.Release|x64.Build.0 = Release|Any CPU
		{7F22D053-0F23-41C1-9E02-1DCE8788BF4E}.Release|x86.ActiveCfg = Release|Any CPU
		{7F22D053-0F23-41C1-9E02-1DCE8788BF4E}.Release|x86.Build.0 = Release|Any CPU
		{7F22D053-0F23-41C1-9E02-1DCE8788BF4E}.Windwos Phone Native|Any CPU.ActiveCfg = Debug|Any CPU
		{7F22D053-0F23-41C1-9E02-1DCE8788BF4E}.Windwos Phone Native|Any CPU.Build.0 = Debug|Any CPU
		{7F22D053-0F23-41C1-9E02-1DCE8788BF4E}.Windwos Phone Native|ARM.ActiveCfg = Debug|Any CPU
		{7F22D053-0F23-41C1-9E02-1DCE8788BF4E}.Windwos Phone Native|ARM.Build.0 = Debug|Any CPU
		{7F22D053-0F23-41C1-9E02-1DCE8788BF4E}.Windwos Phone Native|Mixed Platforms.ActiveCfg = Debug|Any CPU
		{7F22D053-0F23-41C1-9E02-1DCE8788BF4E}.Windwos Phone Native|Mixed Platforms.Build.0 = Debug|Any CPU
		{7F22D053-0F23-41C1-9E02-1DCE8788BF4E}.Windwos Phone Native|x64.ActiveCfg = Debug|Any CPU
		{7F22D053-0F23-41C1-9E02-1DCE8788BF4E}.Windwos Phone Native|x64.Build.0 = Debug|Any CPU
		{7F22D053-0F23-41C1-9E02-1DCE8788BF4E}.Windwos Phone Native|x86.ActiveCfg = Debug|Any CPU
		{7F22D053-0F23-41C1-9E02-1DCE8788BF4E}.Windwos Phone Native|x86.Build.0 = Debug|Any CPU
		{7F22D053-0F23-41C1-9E02-1DCE8788BF4E}.Xamarin|Any CPU.ActiveCfg = Android|Any CPU
		{7F22D053-0F23-41C1-9E02-1DCE8788BF4E}.Xamarin|Any CPU.Build.0 = Android|Any CPU
		{7F22D053-0F23-41C1-9E02-1DCE8788BF4E}.Xamarin|ARM.ActiveCfg = Android|Any CPU
		{7F22D053-0F23-41C1-9E02-1DCE8788BF4E}.Xamarin|ARM.Build.0 = Android|Any CPU
		{7F22D053-0F23-41C1-9E02-1DCE8788BF4E}.Xamarin|Mixed Platforms.ActiveCfg = Android|Any CPU
		{7F22D053-0F23-41C1-9E02-1DCE8788BF4E}.Xamarin|Mixed Platforms.Build.0 = Android|Any CPU
		{7F22D053-0F23-41C1-9E02-1DCE8788BF4E}.Xamarin|x64.ActiveCfg = Android|Any CPU
		{7F22D053-0F23-41C1-9E02-1DCE8788BF4E}.Xamarin|x64.Build.0 = Android|Any CPU
		{7F22D053-0F23-41C1-9E02-1DCE8788BF4E}.Xamarin|x86.ActiveCfg = Android|Any CPU
		{7F22D053-0F23-41C1-9E02-1DCE8788BF4E}.Xamarin|x86.Build.0 = Android|Any CPU
		{11F9FB6E-7D99-4985-B5EB-F4F4B1722B66}.Debug|Any CPU.ActiveCfg = Debug|Any CPU
		{11F9FB6E-7D99-4985-B5EB-F4F4B1722B66}.Debug|ARM.ActiveCfg = Debug|ARM
		{11F9FB6E-7D99-4985-B5EB-F4F4B1722B66}.Debug|Mixed Platforms.ActiveCfg = Debug|x86
		{11F9FB6E-7D99-4985-B5EB-F4F4B1722B66}.Debug|x64.ActiveCfg = Debug|Any CPU
		{11F9FB6E-7D99-4985-B5EB-F4F4B1722B66}.Debug|x86.ActiveCfg = Debug|x86
		{11F9FB6E-7D99-4985-B5EB-F4F4B1722B66}.Release|Any CPU.ActiveCfg = Release|Any CPU
		{11F9FB6E-7D99-4985-B5EB-F4F4B1722B66}.Release|Any CPU.Build.0 = Release|Any CPU
		{11F9FB6E-7D99-4985-B5EB-F4F4B1722B66}.Release|Any CPU.Deploy.0 = Release|Any CPU
		{11F9FB6E-7D99-4985-B5EB-F4F4B1722B66}.Release|ARM.ActiveCfg = Release|ARM
		{11F9FB6E-7D99-4985-B5EB-F4F4B1722B66}.Release|ARM.Build.0 = Release|ARM
		{11F9FB6E-7D99-4985-B5EB-F4F4B1722B66}.Release|ARM.Deploy.0 = Release|ARM
		{11F9FB6E-7D99-4985-B5EB-F4F4B1722B66}.Release|Mixed Platforms.ActiveCfg = Release|x86
		{11F9FB6E-7D99-4985-B5EB-F4F4B1722B66}.Release|Mixed Platforms.Build.0 = Release|x86
		{11F9FB6E-7D99-4985-B5EB-F4F4B1722B66}.Release|Mixed Platforms.Deploy.0 = Release|x86
		{11F9FB6E-7D99-4985-B5EB-F4F4B1722B66}.Release|x64.ActiveCfg = Release|Any CPU
		{11F9FB6E-7D99-4985-B5EB-F4F4B1722B66}.Release|x64.Build.0 = Release|Any CPU
		{11F9FB6E-7D99-4985-B5EB-F4F4B1722B66}.Release|x64.Deploy.0 = Release|Any CPU
		{11F9FB6E-7D99-4985-B5EB-F4F4B1722B66}.Release|x86.ActiveCfg = Release|x86
		{11F9FB6E-7D99-4985-B5EB-F4F4B1722B66}.Release|x86.Build.0 = Release|x86
		{11F9FB6E-7D99-4985-B5EB-F4F4B1722B66}.Release|x86.Deploy.0 = Release|x86
		{11F9FB6E-7D99-4985-B5EB-F4F4B1722B66}.Windwos Phone Native|Any CPU.ActiveCfg = Debug|Any CPU
		{11F9FB6E-7D99-4985-B5EB-F4F4B1722B66}.Windwos Phone Native|Any CPU.Build.0 = Debug|Any CPU
		{11F9FB6E-7D99-4985-B5EB-F4F4B1722B66}.Windwos Phone Native|Any CPU.Deploy.0 = Debug|Any CPU
		{11F9FB6E-7D99-4985-B5EB-F4F4B1722B66}.Windwos Phone Native|ARM.ActiveCfg = Debug|ARM
		{11F9FB6E-7D99-4985-B5EB-F4F4B1722B66}.Windwos Phone Native|ARM.Build.0 = Debug|ARM
		{11F9FB6E-7D99-4985-B5EB-F4F4B1722B66}.Windwos Phone Native|ARM.Deploy.0 = Debug|ARM
		{11F9FB6E-7D99-4985-B5EB-F4F4B1722B66}.Windwos Phone Native|Mixed Platforms.ActiveCfg = Debug|x86
		{11F9FB6E-7D99-4985-B5EB-F4F4B1722B66}.Windwos Phone Native|Mixed Platforms.Build.0 = Debug|x86
		{11F9FB6E-7D99-4985-B5EB-F4F4B1722B66}.Windwos Phone Native|Mixed Platforms.Deploy.0 = Debug|x86
		{11F9FB6E-7D99-4985-B5EB-F4F4B1722B66}.Windwos Phone Native|x64.ActiveCfg = Debug|Any CPU
		{11F9FB6E-7D99-4985-B5EB-F4F4B1722B66}.Windwos Phone Native|x64.Build.0 = Debug|Any CPU
		{11F9FB6E-7D99-4985-B5EB-F4F4B1722B66}.Windwos Phone Native|x64.Deploy.0 = Debug|Any CPU
		{11F9FB6E-7D99-4985-B5EB-F4F4B1722B66}.Windwos Phone Native|x86.ActiveCfg = Debug|x86
		{11F9FB6E-7D99-4985-B5EB-F4F4B1722B66}.Windwos Phone Native|x86.Build.0 = Debug|x86
		{11F9FB6E-7D99-4985-B5EB-F4F4B1722B66}.Windwos Phone Native|x86.Deploy.0 = Debug|x86
		{11F9FB6E-7D99-4985-B5EB-F4F4B1722B66}.Xamarin|Any CPU.ActiveCfg = Android|Any CPU
		{11F9FB6E-7D99-4985-B5EB-F4F4B1722B66}.Xamarin|Any CPU.Build.0 = Android|Any CPU
		{11F9FB6E-7D99-4985-B5EB-F4F4B1722B66}.Xamarin|Any CPU.Deploy.0 = Android|Any CPU
		{11F9FB6E-7D99-4985-B5EB-F4F4B1722B66}.Xamarin|ARM.ActiveCfg = Android|ARM
		{11F9FB6E-7D99-4985-B5EB-F4F4B1722B66}.Xamarin|ARM.Build.0 = Android|ARM
		{11F9FB6E-7D99-4985-B5EB-F4F4B1722B66}.Xamarin|ARM.Deploy.0 = Android|ARM
		{11F9FB6E-7D99-4985-B5EB-F4F4B1722B66}.Xamarin|Mixed Platforms.ActiveCfg = Android|x86
		{11F9FB6E-7D99-4985-B5EB-F4F4B1722B66}.Xamarin|Mixed Platforms.Build.0 = Android|x86
		{11F9FB6E-7D99-4985-B5EB-F4F4B1722B66}.Xamarin|Mixed Platforms.Deploy.0 = Android|x86
		{11F9FB6E-7D99-4985-B5EB-F4F4B1722B66}.Xamarin|x64.ActiveCfg = Android|Any CPU
		{11F9FB6E-7D99-4985-B5EB-F4F4B1722B66}.Xamarin|x64.Build.0 = Android|Any CPU
		{11F9FB6E-7D99-4985-B5EB-F4F4B1722B66}.Xamarin|x64.Deploy.0 = Android|Any CPU
		{11F9FB6E-7D99-4985-B5EB-F4F4B1722B66}.Xamarin|x86.ActiveCfg = Android|x86
		{11F9FB6E-7D99-4985-B5EB-F4F4B1722B66}.Xamarin|x86.Build.0 = Android|x86
		{11F9FB6E-7D99-4985-B5EB-F4F4B1722B66}.Xamarin|x86.Deploy.0 = Android|x86
		{9E6FF729-C942-4FC1-8454-23523499D683}.Debug|Any CPU.ActiveCfg = Debug|Any CPU
		{9E6FF729-C942-4FC1-8454-23523499D683}.Debug|Any CPU.Build.0 = Debug|Any CPU
		{9E6FF729-C942-4FC1-8454-23523499D683}.Debug|ARM.ActiveCfg = Debug|Any CPU
		{9E6FF729-C942-4FC1-8454-23523499D683}.Debug|ARM.Build.0 = Debug|Any CPU
		{9E6FF729-C942-4FC1-8454-23523499D683}.Debug|Mixed Platforms.ActiveCfg = Debug|Any CPU
		{9E6FF729-C942-4FC1-8454-23523499D683}.Debug|Mixed Platforms.Build.0 = Debug|Any CPU
		{9E6FF729-C942-4FC1-8454-23523499D683}.Debug|x64.ActiveCfg = Debug|Any CPU
		{9E6FF729-C942-4FC1-8454-23523499D683}.Debug|x64.Build.0 = Debug|Any CPU
		{9E6FF729-C942-4FC1-8454-23523499D683}.Debug|x86.ActiveCfg = Debug|Any CPU
		{9E6FF729-C942-4FC1-8454-23523499D683}.Debug|x86.Build.0 = Debug|Any CPU
		{9E6FF729-C942-4FC1-8454-23523499D683}.Release|Any CPU.ActiveCfg = Release|Any CPU
		{9E6FF729-C942-4FC1-8454-23523499D683}.Release|Any CPU.Build.0 = Release|Any CPU
		{9E6FF729-C942-4FC1-8454-23523499D683}.Release|ARM.ActiveCfg = Release|Any CPU
		{9E6FF729-C942-4FC1-8454-23523499D683}.Release|ARM.Build.0 = Release|Any CPU
		{9E6FF729-C942-4FC1-8454-23523499D683}.Release|Mixed Platforms.ActiveCfg = Release|Any CPU
		{9E6FF729-C942-4FC1-8454-23523499D683}.Release|Mixed Platforms.Build.0 = Release|Any CPU
		{9E6FF729-C942-4FC1-8454-23523499D683}.Release|x64.ActiveCfg = Release|Any CPU
		{9E6FF729-C942-4FC1-8454-23523499D683}.Release|x64.Build.0 = Release|Any CPU
		{9E6FF729-C942-4FC1-8454-23523499D683}.Release|x86.ActiveCfg = Release|Any CPU
		{9E6FF729-C942-4FC1-8454-23523499D683}.Release|x86.Build.0 = Release|Any CPU
		{9E6FF729-C942-4FC1-8454-23523499D683}.Windwos Phone Native|Any CPU.ActiveCfg = Release|Any CPU
		{9E6FF729-C942-4FC1-8454-23523499D683}.Windwos Phone Native|Any CPU.Build.0 = Release|Any CPU
		{9E6FF729-C942-4FC1-8454-23523499D683}.Windwos Phone Native|ARM.ActiveCfg = Release|Any CPU
		{9E6FF729-C942-4FC1-8454-23523499D683}.Windwos Phone Native|ARM.Build.0 = Release|Any CPU
		{9E6FF729-C942-4FC1-8454-23523499D683}.Windwos Phone Native|Mixed Platforms.ActiveCfg = Release|Any CPU
		{9E6FF729-C942-4FC1-8454-23523499D683}.Windwos Phone Native|Mixed Platforms.Build.0 = Release|Any CPU
		{9E6FF729-C942-4FC1-8454-23523499D683}.Windwos Phone Native|x64.ActiveCfg = Release|Any CPU
		{9E6FF729-C942-4FC1-8454-23523499D683}.Windwos Phone Native|x64.Build.0 = Release|Any CPU
		{9E6FF729-C942-4FC1-8454-23523499D683}.Windwos Phone Native|x86.ActiveCfg = Release|Any CPU
		{9E6FF729-C942-4FC1-8454-23523499D683}.Windwos Phone Native|x86.Build.0 = Release|Any CPU
		{9E6FF729-C942-4FC1-8454-23523499D683}.Xamarin|Any CPU.ActiveCfg = Release|Any CPU
		{9E6FF729-C942-4FC1-8454-23523499D683}.Xamarin|Any CPU.Build.0 = Release|Any CPU
		{9E6FF729-C942-4FC1-8454-23523499D683}.Xamarin|ARM.ActiveCfg = Release|Any CPU
		{9E6FF729-C942-4FC1-8454-23523499D683}.Xamarin|ARM.Build.0 = Release|Any CPU
		{9E6FF729-C942-4FC1-8454-23523499D683}.Xamarin|Mixed Platforms.ActiveCfg = Release|Any CPU
		{9E6FF729-C942-4FC1-8454-23523499D683}.Xamarin|Mixed Platforms.Build.0 = Release|Any CPU
		{9E6FF729-C942-4FC1-8454-23523499D683}.Xamarin|x64.ActiveCfg = Release|Any CPU
		{9E6FF729-C942-4FC1-8454-23523499D683}.Xamarin|x64.Build.0 = Release|Any CPU
		{9E6FF729-C942-4FC1-8454-23523499D683}.Xamarin|x86.ActiveCfg = Release|Any CPU
		{9E6FF729-C942-4FC1-8454-23523499D683}.Xamarin|x86.Build.0 = Release|Any CPU
	EndGlobalSection
	GlobalSection(SolutionProperties) = preSolution
		HideSolutionNode = FALSE
	EndGlobalSection
	GlobalSection(NestedProjects) = preSolution
		{CCCB6BC7-83B4-4342-A5AD-C8F23CB4D0B0} = {E5CC83CC-D113-4751-AE3A-2D07D8C3B804}
		{518680BC-9186-4710-B944-5F596137D47C} = {E5CC83CC-D113-4751-AE3A-2D07D8C3B804}
		{48AA60FF-9377-4BA5-81D7-C0488BFC529A} = {E5CC83CC-D113-4751-AE3A-2D07D8C3B804}
		{C921BCB6-3453-451F-911D-99502DCF6152} = {E5CC83CC-D113-4751-AE3A-2D07D8C3B804}
		{5284C071-B394-43D2-9EB6-AF183769CE11} = {D04929DB-27BB-4A64-8A1E-413EB30F1C87}
		{7EA4C412-3BE0-4EF3-A20A-9F73DA6A1F91} = {0AD23410-AB18-487E-9D70-A37FF2AB4681}
		{A3631573-8DB7-44F1-8250-44776B693CB4} = {0AD23410-AB18-487E-9D70-A37FF2AB4681}
		{7F22D053-0F23-41C1-9E02-1DCE8788BF4E} = {0AD23410-AB18-487E-9D70-A37FF2AB4681}
		{11F9FB6E-7D99-4985-B5EB-F4F4B1722B66} = {0AD23410-AB18-487E-9D70-A37FF2AB4681}
		{9E6FF729-C942-4FC1-8454-23523499D683} = {3707BB0A-973A-451E-9B45-AC9DA4DF6D5F}
	EndGlobalSection
EndGlobal
